
Microsoft Visual Studio Solution File, Format Version 12.00
# Visual Studio Version 17
VisualStudioVersion = 17.14.36301.6 d17.14
MinimumVisualStudioVersion = 10.0.40219.1
Project("{FAE04EC0-301F-11D3-BF4B-00C04F79EFBC}") = "TextFormatRibbonAddIn", "TextFormatRibbonAddIn\TextFormatRibbonAddIn.csproj", "{3953D9DA-E1C7-4B31-9039-22B979632F7D}"
EndProject
Global
	GlobalSection(SolutionConfigurationPlatforms) = preSolution
		Debug|Any CPU = Debug|Any CPU
		Release|Any CPU = Release|Any CPU
	EndGlobalSection
	GlobalSection(ProjectConfigurationPlatforms) = postSolution
		{3953D9DA-E1C7-4B31-9039-22B979632F7D}.Debug|Any CPU.ActiveCfg = Debug|Any CPU
		{3953D9DA-E1C7-4B31-9039-22B979632F7D}.Debug|Any CPU.Build.0 = Debug|Any CPU
		{3953D9DA-E1C7-4B31-9039-22B979632F7D}.Release|Any CPU.ActiveCfg = Release|Any CPU
		{3953D9DA-E1C7-4B31-9039-22B979632F7D}.Release|Any CPU.Build.0 = Release|Any CPU
	EndGlobalSection
	GlobalSection(SolutionProperties) = preSolution
		HideSolutionNode = FALSE
	EndGlobalSection
	GlobalSection(ExtensibilityGlobals) = postSolution
		SolutionGuid = {25BAE492-751C-42F1-9D91-C875CF67A425}
	EndGlobalSection
EndGlobal
